// !$*UTF8*$!
{
	archiveVersion = 1;
	classes = {
	};
	objectVersion = 51;
	objects = {

/* Begin PBXBuildFile section */
		85018FB62428E306001C6373 /* MedicineTableViewCell.xib in Resources */ = {isa = PBXBuildFile; fileRef = 85018FB52428E306001C6373 /* MedicineTableViewCell.xib */; };
		85018FB82428E743001C6373 /* PatientProfileDataSource.swift in Sources */ = {isa = PBXBuildFile; fileRef = 85018FB72428E743001C6373 /* PatientProfileDataSource.swift */; };
		85018FBB242922F8001C6373 /* PatientMedicineUpdateViewController.swift in Sources */ = {isa = PBXBuildFile; fileRef = 85018FBA242922F8001C6373 /* PatientMedicineUpdateViewController.swift */; };
		85018FBD24292314001C6373 /* PatientMedicineUpdateDataSource.swift in Sources */ = {isa = PBXBuildFile; fileRef = 85018FBC24292314001C6373 /* PatientMedicineUpdateDataSource.swift */; };
		8507D26D242682C00040EF79 /* UserDrugs.swift in Sources */ = {isa = PBXBuildFile; fileRef = 8507D26C242682C00040EF79 /* UserDrugs.swift */; };
		8507D26F2426830E0040EF79 /* UserDrug.swift in Sources */ = {isa = PBXBuildFile; fileRef = 8507D26E2426830E0040EF79 /* UserDrug.swift */; };
		8507D27524268EA90040EF79 /* LabelTableViewCell.swift in Sources */ = {isa = PBXBuildFile; fileRef = 8507D27324268EA90040EF79 /* LabelTableViewCell.swift */; };
		8507D27624268EA90040EF79 /* LabelTableViewCell.xib in Resources */ = {isa = PBXBuildFile; fileRef = 8507D27424268EA90040EF79 /* LabelTableViewCell.xib */; };
		85180B02241F9E6000C8E8F2 /* LoadingViewController.swift in Sources */ = {isa = PBXBuildFile; fileRef = 85180B01241F9E6000C8E8F2 /* LoadingViewController.swift */; };
		85180B04241FA09A00C8E8F2 /* Enums.swift in Sources */ = {isa = PBXBuildFile; fileRef = 85180B03241FA09A00C8E8F2 /* Enums.swift */; };
		85180B0A241FBC8200C8E8F2 /* loader.json in Resources */ = {isa = PBXBuildFile; fileRef = 85180B09241FBC8200C8E8F2 /* loader.json */; };
		85180B0C241FC13C00C8E8F2 /* PatientInfoViewController.swift in Sources */ = {isa = PBXBuildFile; fileRef = 85180B0B241FC13C00C8E8F2 /* PatientInfoViewController.swift */; };
		851E7B972407D32A005E1928 /* PatientAppointmentsViewController.swift in Sources */ = {isa = PBXBuildFile; fileRef = 851E7B962407D32A005E1928 /* PatientAppointmentsViewController.swift */; };
		851E7B9A2407DEBE005E1928 /* UIColor+Additions.swift in Sources */ = {isa = PBXBuildFile; fileRef = 851E7B992407DEBE005E1928 /* UIColor+Additions.swift */; };
		8521702524102FA500739FAB /* BasicTableViewCell.swift in Sources */ = {isa = PBXBuildFile; fileRef = 8521702424102FA500739FAB /* BasicTableViewCell.swift */; };
		85225DAE2406F38C009583EC /* MissingInfoTableViewCell.swift in Sources */ = {isa = PBXBuildFile; fileRef = 85225DAD2406F38C009583EC /* MissingInfoTableViewCell.swift */; };
		85225DB02406F439009583EC /* NextAppointmentTableViewCell.swift in Sources */ = {isa = PBXBuildFile; fileRef = 85225DAF2406F439009583EC /* NextAppointmentTableViewCell.swift */; };
		85225DB22406F4A8009583EC /* MessageCellTableViewCell.swift in Sources */ = {isa = PBXBuildFile; fileRef = 85225DB12406F4A8009583EC /* MessageCellTableViewCell.swift */; };
		8538698624238775005C5BFC /* LoginDataSource.swift in Sources */ = {isa = PBXBuildFile; fileRef = 8538698524238775005C5BFC /* LoginDataSource.swift */; };
		8538698824238A50005C5BFC /* String+Additions.swift in Sources */ = {isa = PBXBuildFile; fileRef = 8538698724238A50005C5BFC /* String+Additions.swift */; };
		8538698A2423AD91005C5BFC /* PatientTabBarController.swift in Sources */ = {isa = PBXBuildFile; fileRef = 853869892423AD91005C5BFC /* PatientTabBarController.swift */; };
		853869992423E849005C5BFC /* AppointmentSelectionDataSource.swift in Sources */ = {isa = PBXBuildFile; fileRef = 853869982423E849005C5BFC /* AppointmentSelectionDataSource.swift */; };
		8538699C2423EBE9005C5BFC /* AppointmentCalendar.swift in Sources */ = {isa = PBXBuildFile; fileRef = 8538699B2423EBE9005C5BFC /* AppointmentCalendar.swift */; };
		8538699E2423EC44005C5BFC /* DayInfo.swift in Sources */ = {isa = PBXBuildFile; fileRef = 8538699D2423EC44005C5BFC /* DayInfo.swift */; };
		853869A02423EC88005C5BFC /* TimeSlot.swift in Sources */ = {isa = PBXBuildFile; fileRef = 8538699F2423EC88005C5BFC /* TimeSlot.swift */; };
		853869A62423FD07005C5BFC /* SelectionTableViewCell.xib in Resources */ = {isa = PBXBuildFile; fileRef = 853869A52423FD07005C5BFC /* SelectionTableViewCell.xib */; };
		853869A82423FF1A005C5BFC /* DoctorTableViewCell.xib in Resources */ = {isa = PBXBuildFile; fileRef = 853869A72423FF1A005C5BFC /* DoctorTableViewCell.xib */; };
		85414BBE240A86D600E9DF7F /* MedicineTableViewCell.swift in Sources */ = {isa = PBXBuildFile; fileRef = 85414BBD240A86D600E9DF7F /* MedicineTableViewCell.swift */; };
		854639F62429636000FF2BC2 /* PatientMainInfo.swift in Sources */ = {isa = PBXBuildFile; fileRef = 854639F52429636000FF2BC2 /* PatientMainInfo.swift */; };
		854639F82429640800FF2BC2 /* PatientHomeDataSource.swift in Sources */ = {isa = PBXBuildFile; fileRef = 854639F72429640800FF2BC2 /* PatientHomeDataSource.swift */; };
		856A712B240974F700AD728D /* PastAppointmentTableViewCell.swift in Sources */ = {isa = PBXBuildFile; fileRef = 856A712A240974F700AD728D /* PastAppointmentTableViewCell.swift */; };
		856EFDB62407FF8000BA63F2 /* UIViewController+Additions.swift in Sources */ = {isa = PBXBuildFile; fileRef = 856EFDB52407FF8000BA63F2 /* UIViewController+Additions.swift */; };
		856EFDB82408003E00BA63F2 /* PatientProfileViewController.swift in Sources */ = {isa = PBXBuildFile; fileRef = 856EFDB72408003E00BA63F2 /* PatientProfileViewController.swift */; };
		856EFDBA240801E500BA63F2 /* UIView+Additions.swift in Sources */ = {isa = PBXBuildFile; fileRef = 856EFDB9240801E500BA63F2 /* UIView+Additions.swift */; };
		8576CA67240BE34E00094248 /* TextFieldViewController.swift in Sources */ = {isa = PBXBuildFile; fileRef = 8576CA66240BE34E00094248 /* TextFieldViewController.swift */; };
		85791CC5241FFF620061E68E /* blood-wave-tube.json in Resources */ = {isa = PBXBuildFile; fileRef = 85791CC4241FFF620061E68E /* blood-wave-tube.json */; };
		858337F12421150400843054 /* Patient.storyboard in Resources */ = {isa = PBXBuildFile; fileRef = 858337F32421150400843054 /* Patient.storyboard */; };
		858338002421227C00843054 /* Localizable.strings in Resources */ = {isa = PBXBuildFile; fileRef = 858337FE2421227C00843054 /* Localizable.strings */; };
		858621A52416D3EF0000FDEB /* NetworkBase.swift in Sources */ = {isa = PBXBuildFile; fileRef = 858621A42416D3EF0000FDEB /* NetworkBase.swift */; };
		858621A82416D9F40000FDEB /* CoagusearchServiceFactory.swift in Sources */ = {isa = PBXBuildFile; fileRef = 858621A72416D9F40000FDEB /* CoagusearchServiceFactory.swift */; };
		858621AA2416DA120000FDEB /* CoagusearchService.swift in Sources */ = {isa = PBXBuildFile; fileRef = 858621A92416DA120000FDEB /* CoagusearchService.swift */; };
		858621AF2416DE1D0000FDEB /* Router.swift in Sources */ = {isa = PBXBuildFile; fileRef = 858621AE2416DE1D0000FDEB /* Router.swift */; };
		8593A71224294E0A00C03F18 /* PatientAppointments.swift in Sources */ = {isa = PBXBuildFile; fileRef = 8593A71124294E0A00C03F18 /* PatientAppointments.swift */; };
		8593A71424294E4400C03F18 /* PatientAppointment.swift in Sources */ = {isa = PBXBuildFile; fileRef = 8593A71324294E4400C03F18 /* PatientAppointment.swift */; };
		8593A71624294FD700C03F18 /* NextAppointmentTableViewCell.xib in Resources */ = {isa = PBXBuildFile; fileRef = 8593A71524294FD700C03F18 /* NextAppointmentTableViewCell.xib */; };
		8593A7182429504400C03F18 /* PastAppointmentTableViewCell.xib in Resources */ = {isa = PBXBuildFile; fileRef = 8593A7172429504400C03F18 /* PastAppointmentTableViewCell.xib */; };
		8593A71B2429522B00C03F18 /* PatientAppointmentsDataSource.swift in Sources */ = {isa = PBXBuildFile; fileRef = 8593A71A2429522B00C03F18 /* PatientAppointmentsDataSource.swift */; };
		85A3B60123FEC339005DF4F4 /* AppDelegate.swift in Sources */ = {isa = PBXBuildFile; fileRef = 85A3B60023FEC339005DF4F4 /* AppDelegate.swift */; };
		85A3B60323FEC339005DF4F4 /* SceneDelegate.swift in Sources */ = {isa = PBXBuildFile; fileRef = 85A3B60223FEC339005DF4F4 /* SceneDelegate.swift */; };
		85A3B60523FEC339005DF4F4 /* LoginViewController.swift in Sources */ = {isa = PBXBuildFile; fileRef = 85A3B60423FEC339005DF4F4 /* LoginViewController.swift */; };
		85A3B60823FEC339005DF4F4 /* Main.storyboard in Resources */ = {isa = PBXBuildFile; fileRef = 85A3B60623FEC339005DF4F4 /* Main.storyboard */; };
		85A3B60A23FEC33C005DF4F4 /* Assets.xcassets in Resources */ = {isa = PBXBuildFile; fileRef = 85A3B60923FEC33C005DF4F4 /* Assets.xcassets */; };
		85A3B60D23FEC33C005DF4F4 /* LaunchScreen.storyboard in Resources */ = {isa = PBXBuildFile; fileRef = 85A3B60B23FEC33C005DF4F4 /* LaunchScreen.storyboard */; };
		85B36BF2241A58CA00280232 /* Drugs.swift in Sources */ = {isa = PBXBuildFile; fileRef = 85B36BF1241A58CA00280232 /* Drugs.swift */; };
		85B36BF4241A592F00280232 /* Drug.swift in Sources */ = {isa = PBXBuildFile; fileRef = 85B36BF3241A592F00280232 /* Drug.swift */; };
		85B36BF7241A597400280232 /* Frequency.swift in Sources */ = {isa = PBXBuildFile; fileRef = 85B36BF6241A597400280232 /* Frequency.swift */; };
		85B933AB240E8B05001E1B14 /* DateTableViewCell.swift in Sources */ = {isa = PBXBuildFile; fileRef = 85B933AA240E8B05001E1B14 /* DateTableViewCell.swift */; };
		85B933AD240EA5D5001E1B14 /* AddMedicineViewController.swift in Sources */ = {isa = PBXBuildFile; fileRef = 85B933AC240EA5D5001E1B14 /* AddMedicineViewController.swift */; };
		85C8ECA4241440980036EB05 /* UITextField+Additions.swift in Sources */ = {isa = PBXBuildFile; fileRef = 85C8ECA3241440980036EB05 /* UITextField+Additions.swift */; };
		85CC294224116CC9005CAE75 /* SearchMedicineTableViewCell.swift in Sources */ = {isa = PBXBuildFile; fileRef = 85CC294124116CC9005CAE75 /* SearchMedicineTableViewCell.swift */; };
		85CF6AD523FEE52500F10DBF /* PatientHomeViewController.swift in Sources */ = {isa = PBXBuildFile; fileRef = 85CF6AD423FEE52500F10DBF /* PatientHomeViewController.swift */; };
		85CF6ADB23FEE60800F10DBF /* BaseScrollViewController.swift in Sources */ = {isa = PBXBuildFile; fileRef = 85CF6ADA23FEE60800F10DBF /* BaseScrollViewController.swift */; };
		85D82BC52426526700FF8DBE /* PatientInfoDataSource.swift in Sources */ = {isa = PBXBuildFile; fileRef = 85D82BC42426526700FF8DBE /* PatientInfoDataSource.swift */; };
		85DA2D9F2412459000E2BE4F /* AddMedicineDataSource.swift in Sources */ = {isa = PBXBuildFile; fileRef = 85DA2D9E2412459000E2BE4F /* AddMedicineDataSource.swift */; };
		85DA2DA3241285AF00E2BE4F /* BasicWithButtonTableViewCell.swift in Sources */ = {isa = PBXBuildFile; fileRef = 85DA2DA2241285AF00E2BE4F /* BasicWithButtonTableViewCell.swift */; };
		85E5618C240B2540007D95AC /* SelectionTableViewCell.swift in Sources */ = {isa = PBXBuildFile; fileRef = 85E5618B240B2540007D95AC /* SelectionTableViewCell.swift */; };
		85E5618E240B2604007D95AC /* AppointmentSelectionViewController.swift in Sources */ = {isa = PBXBuildFile; fileRef = 85E5618D240B2604007D95AC /* AppointmentSelectionViewController.swift */; };
		85FA0323240C19BA00A02635 /* DoctorTableViewCell.swift in Sources */ = {isa = PBXBuildFile; fileRef = 85FA0322240C19BA00A02635 /* DoctorTableViewCell.swift */; };
		85FF23F22417B1BB00E63097 /* User.swift in Sources */ = {isa = PBXBuildFile; fileRef = 85FF23F12417B1BB00E63097 /* User.swift */; };
		85FF23F42417BCD700E63097 /* Manager.swift in Sources */ = {isa = PBXBuildFile; fileRef = 85FF23F32417BCD700E63097 /* Manager.swift */; };
		85FF23FD2417D12700E63097 /* Constants.swift in Sources */ = {isa = PBXBuildFile; fileRef = 85FF23FC2417D12700E63097 /* Constants.swift */; };
		8FFCBF00EFF81900C82FD7BE /* Pods_Coagusearch.framework in Frameworks */ = {isa = PBXBuildFile; fileRef = F69C373AE012BA26460EF0BE /* Pods_Coagusearch.framework */; };
/* End PBXBuildFile section */

/* Begin PBXFileReference section */
		39E2B5A449C17530C1C6996C /* Pods-Coagusearch.release.xcconfig */ = {isa = PBXFileReference; includeInIndex = 1; lastKnownFileType = text.xcconfig; name = "Pods-Coagusearch.release.xcconfig"; path = "Target Support Files/Pods-Coagusearch/Pods-Coagusearch.release.xcconfig"; sourceTree = "<group>"; };
		504E3995972530B0ABA52913 /* Pods-Coagusearch.debug.xcconfig */ = {isa = PBXFileReference; includeInIndex = 1; lastKnownFileType = text.xcconfig; name = "Pods-Coagusearch.debug.xcconfig"; path = "Target Support Files/Pods-Coagusearch/Pods-Coagusearch.debug.xcconfig"; sourceTree = "<group>"; };
		85018FB52428E306001C6373 /* MedicineTableViewCell.xib */ = {isa = PBXFileReference; lastKnownFileType = file.xib; path = MedicineTableViewCell.xib; sourceTree = "<group>"; };
		85018FB72428E743001C6373 /* PatientProfileDataSource.swift */ = {isa = PBXFileReference; lastKnownFileType = sourcecode.swift; path = PatientProfileDataSource.swift; sourceTree = "<group>"; };
		85018FBA242922F8001C6373 /* PatientMedicineUpdateViewController.swift */ = {isa = PBXFileReference; lastKnownFileType = sourcecode.swift; path = PatientMedicineUpdateViewController.swift; sourceTree = "<group>"; };
		85018FBC24292314001C6373 /* PatientMedicineUpdateDataSource.swift */ = {isa = PBXFileReference; lastKnownFileType = sourcecode.swift; path = PatientMedicineUpdateDataSource.swift; sourceTree = "<group>"; };
		8507D26C242682C00040EF79 /* UserDrugs.swift */ = {isa = PBXFileReference; lastKnownFileType = sourcecode.swift; path = UserDrugs.swift; sourceTree = "<group>"; };
		8507D26E2426830E0040EF79 /* UserDrug.swift */ = {isa = PBXFileReference; lastKnownFileType = sourcecode.swift; path = UserDrug.swift; sourceTree = "<group>"; };
		8507D27324268EA90040EF79 /* LabelTableViewCell.swift */ = {isa = PBXFileReference; lastKnownFileType = sourcecode.swift; path = LabelTableViewCell.swift; sourceTree = "<group>"; };
		8507D27424268EA90040EF79 /* LabelTableViewCell.xib */ = {isa = PBXFileReference; lastKnownFileType = file.xib; path = LabelTableViewCell.xib; sourceTree = "<group>"; };
		85180B01241F9E6000C8E8F2 /* LoadingViewController.swift */ = {isa = PBXFileReference; lastKnownFileType = sourcecode.swift; path = LoadingViewController.swift; sourceTree = "<group>"; };
		85180B03241FA09A00C8E8F2 /* Enums.swift */ = {isa = PBXFileReference; lastKnownFileType = sourcecode.swift; path = Enums.swift; sourceTree = "<group>"; };
		85180B09241FBC8200C8E8F2 /* loader.json */ = {isa = PBXFileReference; fileEncoding = 4; lastKnownFileType = text.json; path = loader.json; sourceTree = "<group>"; };
		85180B0B241FC13C00C8E8F2 /* PatientInfoViewController.swift */ = {isa = PBXFileReference; lastKnownFileType = sourcecode.swift; path = PatientInfoViewController.swift; sourceTree = "<group>"; };
		851E7B962407D32A005E1928 /* PatientAppointmentsViewController.swift */ = {isa = PBXFileReference; lastKnownFileType = sourcecode.swift; path = PatientAppointmentsViewController.swift; sourceTree = "<group>"; };
		851E7B992407DEBE005E1928 /* UIColor+Additions.swift */ = {isa = PBXFileReference; lastKnownFileType = sourcecode.swift; path = "UIColor+Additions.swift"; sourceTree = "<group>"; };
		8521702424102FA500739FAB /* BasicTableViewCell.swift */ = {isa = PBXFileReference; lastKnownFileType = sourcecode.swift; path = BasicTableViewCell.swift; sourceTree = "<group>"; };
		85225DAD2406F38C009583EC /* MissingInfoTableViewCell.swift */ = {isa = PBXFileReference; lastKnownFileType = sourcecode.swift; path = MissingInfoTableViewCell.swift; sourceTree = "<group>"; };
		85225DAF2406F439009583EC /* NextAppointmentTableViewCell.swift */ = {isa = PBXFileReference; lastKnownFileType = sourcecode.swift; path = NextAppointmentTableViewCell.swift; sourceTree = "<group>"; };
		85225DB12406F4A8009583EC /* MessageCellTableViewCell.swift */ = {isa = PBXFileReference; lastKnownFileType = sourcecode.swift; path = MessageCellTableViewCell.swift; sourceTree = "<group>"; };
		8538698524238775005C5BFC /* LoginDataSource.swift */ = {isa = PBXFileReference; lastKnownFileType = sourcecode.swift; path = LoginDataSource.swift; sourceTree = "<group>"; };
		8538698724238A50005C5BFC /* String+Additions.swift */ = {isa = PBXFileReference; lastKnownFileType = sourcecode.swift; path = "String+Additions.swift"; sourceTree = "<group>"; };
		853869892423AD91005C5BFC /* PatientTabBarController.swift */ = {isa = PBXFileReference; lastKnownFileType = sourcecode.swift; path = PatientTabBarController.swift; sourceTree = "<group>"; };
		853869982423E849005C5BFC /* AppointmentSelectionDataSource.swift */ = {isa = PBXFileReference; lastKnownFileType = sourcecode.swift; path = AppointmentSelectionDataSource.swift; sourceTree = "<group>"; };
		8538699B2423EBE9005C5BFC /* AppointmentCalendar.swift */ = {isa = PBXFileReference; lastKnownFileType = sourcecode.swift; path = AppointmentCalendar.swift; sourceTree = "<group>"; };
		8538699D2423EC44005C5BFC /* DayInfo.swift */ = {isa = PBXFileReference; lastKnownFileType = sourcecode.swift; path = DayInfo.swift; sourceTree = "<group>"; };
		8538699F2423EC88005C5BFC /* TimeSlot.swift */ = {isa = PBXFileReference; lastKnownFileType = sourcecode.swift; path = TimeSlot.swift; sourceTree = "<group>"; };
		853869A52423FD07005C5BFC /* SelectionTableViewCell.xib */ = {isa = PBXFileReference; lastKnownFileType = file.xib; path = SelectionTableViewCell.xib; sourceTree = "<group>"; };
		853869A72423FF1A005C5BFC /* DoctorTableViewCell.xib */ = {isa = PBXFileReference; lastKnownFileType = file.xib; path = DoctorTableViewCell.xib; sourceTree = "<group>"; };
		85414BBD240A86D600E9DF7F /* MedicineTableViewCell.swift */ = {isa = PBXFileReference; lastKnownFileType = sourcecode.swift; path = MedicineTableViewCell.swift; sourceTree = "<group>"; };
		854639F52429636000FF2BC2 /* PatientMainInfo.swift */ = {isa = PBXFileReference; lastKnownFileType = sourcecode.swift; path = PatientMainInfo.swift; sourceTree = "<group>"; };
		854639F72429640800FF2BC2 /* PatientHomeDataSource.swift */ = {isa = PBXFileReference; lastKnownFileType = sourcecode.swift; path = PatientHomeDataSource.swift; sourceTree = "<group>"; };
		856A712A240974F700AD728D /* PastAppointmentTableViewCell.swift */ = {isa = PBXFileReference; lastKnownFileType = sourcecode.swift; path = PastAppointmentTableViewCell.swift; sourceTree = "<group>"; };
		856EFDB52407FF8000BA63F2 /* UIViewController+Additions.swift */ = {isa = PBXFileReference; lastKnownFileType = sourcecode.swift; path = "UIViewController+Additions.swift"; sourceTree = "<group>"; };
		856EFDB72408003E00BA63F2 /* PatientProfileViewController.swift */ = {isa = PBXFileReference; lastKnownFileType = sourcecode.swift; path = PatientProfileViewController.swift; sourceTree = "<group>"; };
		856EFDB9240801E500BA63F2 /* UIView+Additions.swift */ = {isa = PBXFileReference; lastKnownFileType = sourcecode.swift; path = "UIView+Additions.swift"; sourceTree = "<group>"; };
		8576CA66240BE34E00094248 /* TextFieldViewController.swift */ = {isa = PBXFileReference; lastKnownFileType = sourcecode.swift; path = TextFieldViewController.swift; sourceTree = "<group>"; };
		85791CC4241FFF620061E68E /* blood-wave-tube.json */ = {isa = PBXFileReference; fileEncoding = 4; lastKnownFileType = text.json; path = "blood-wave-tube.json"; sourceTree = "<group>"; };
		858337F22421150400843054 /* Base */ = {isa = PBXFileReference; lastKnownFileType = file.storyboard; name = Base; path = Base.lproj/Patient.storyboard; sourceTree = "<group>"; };
		858337F42421151200843054 /* tr */ = {isa = PBXFileReference; lastKnownFileType = text.plist.strings; name = tr; path = tr.lproj/Patient.strings; sourceTree = "<group>"; };
		858337F52421151200843054 /* tr */ = {isa = PBXFileReference; lastKnownFileType = text.plist.strings; name = tr; path = tr.lproj/Main.strings; sourceTree = "<group>"; };
		858337F62421151300843054 /* tr */ = {isa = PBXFileReference; lastKnownFileType = text.plist.strings; name = tr; path = tr.lproj/LaunchScreen.strings; sourceTree = "<group>"; };
		858337FF2421227C00843054 /* Base */ = {isa = PBXFileReference; lastKnownFileType = text.plist.strings; name = Base; path = Base.lproj/Localizable.strings; sourceTree = "<group>"; };
		858338012421228B00843054 /* tr */ = {isa = PBXFileReference; lastKnownFileType = text.plist.strings; name = tr; path = tr.lproj/Localizable.strings; sourceTree = "<group>"; };
		858621A42416D3EF0000FDEB /* NetworkBase.swift */ = {isa = PBXFileReference; lastKnownFileType = sourcecode.swift; path = NetworkBase.swift; sourceTree = "<group>"; };
		858621A72416D9F40000FDEB /* CoagusearchServiceFactory.swift */ = {isa = PBXFileReference; lastKnownFileType = sourcecode.swift; path = CoagusearchServiceFactory.swift; sourceTree = "<group>"; };
		858621A92416DA120000FDEB /* CoagusearchService.swift */ = {isa = PBXFileReference; lastKnownFileType = sourcecode.swift; path = CoagusearchService.swift; sourceTree = "<group>"; };
		858621AE2416DE1D0000FDEB /* Router.swift */ = {isa = PBXFileReference; lastKnownFileType = sourcecode.swift; path = Router.swift; sourceTree = "<group>"; };
		8593A71124294E0A00C03F18 /* PatientAppointments.swift */ = {isa = PBXFileReference; lastKnownFileType = sourcecode.swift; path = PatientAppointments.swift; sourceTree = "<group>"; };
		8593A71324294E4400C03F18 /* PatientAppointment.swift */ = {isa = PBXFileReference; lastKnownFileType = sourcecode.swift; path = PatientAppointment.swift; sourceTree = "<group>"; };
		8593A71524294FD700C03F18 /* NextAppointmentTableViewCell.xib */ = {isa = PBXFileReference; lastKnownFileType = file.xib; path = NextAppointmentTableViewCell.xib; sourceTree = "<group>"; };
		8593A7172429504400C03F18 /* PastAppointmentTableViewCell.xib */ = {isa = PBXFileReference; lastKnownFileType = file.xib; path = PastAppointmentTableViewCell.xib; sourceTree = "<group>"; };
		8593A71A2429522B00C03F18 /* PatientAppointmentsDataSource.swift */ = {isa = PBXFileReference; lastKnownFileType = sourcecode.swift; path = PatientAppointmentsDataSource.swift; sourceTree = "<group>"; };
		85A3B5FD23FEC339005DF4F4 /* Coagusearch.app */ = {isa = PBXFileReference; explicitFileType = wrapper.application; includeInIndex = 0; path = Coagusearch.app; sourceTree = BUILT_PRODUCTS_DIR; };
		85A3B60023FEC339005DF4F4 /* AppDelegate.swift */ = {isa = PBXFileReference; lastKnownFileType = sourcecode.swift; path = AppDelegate.swift; sourceTree = "<group>"; };
		85A3B60223FEC339005DF4F4 /* SceneDelegate.swift */ = {isa = PBXFileReference; lastKnownFileType = sourcecode.swift; path = SceneDelegate.swift; sourceTree = "<group>"; };
		85A3B60423FEC339005DF4F4 /* LoginViewController.swift */ = {isa = PBXFileReference; lastKnownFileType = sourcecode.swift; path = LoginViewController.swift; sourceTree = "<group>"; };
		85A3B60723FEC339005DF4F4 /* Base */ = {isa = PBXFileReference; lastKnownFileType = file.storyboard; name = Base; path = Base.lproj/Main.storyboard; sourceTree = "<group>"; };
		85A3B60923FEC33C005DF4F4 /* Assets.xcassets */ = {isa = PBXFileReference; lastKnownFileType = folder.assetcatalog; path = Assets.xcassets; sourceTree = "<group>"; };
		85A3B60C23FEC33C005DF4F4 /* Base */ = {isa = PBXFileReference; lastKnownFileType = file.storyboard; name = Base; path = Base.lproj/LaunchScreen.storyboard; sourceTree = "<group>"; };
		85A3B60E23FEC33C005DF4F4 /* Info.plist */ = {isa = PBXFileReference; lastKnownFileType = text.plist.xml; path = Info.plist; sourceTree = "<group>"; };
		85B36BF1241A58CA00280232 /* Drugs.swift */ = {isa = PBXFileReference; lastKnownFileType = sourcecode.swift; path = Drugs.swift; sourceTree = "<group>"; };
		85B36BF3241A592F00280232 /* Drug.swift */ = {isa = PBXFileReference; lastKnownFileType = sourcecode.swift; path = Drug.swift; sourceTree = "<group>"; };
		85B36BF6241A597400280232 /* Frequency.swift */ = {isa = PBXFileReference; lastKnownFileType = sourcecode.swift; path = Frequency.swift; sourceTree = "<group>"; };
		85B933AA240E8B05001E1B14 /* DateTableViewCell.swift */ = {isa = PBXFileReference; lastKnownFileType = sourcecode.swift; path = DateTableViewCell.swift; sourceTree = "<group>"; };
		85B933AC240EA5D5001E1B14 /* AddMedicineViewController.swift */ = {isa = PBXFileReference; lastKnownFileType = sourcecode.swift; path = AddMedicineViewController.swift; sourceTree = "<group>"; };
		85C8ECA3241440980036EB05 /* UITextField+Additions.swift */ = {isa = PBXFileReference; lastKnownFileType = sourcecode.swift; path = "UITextField+Additions.swift"; sourceTree = "<group>"; };
		85CC294124116CC9005CAE75 /* SearchMedicineTableViewCell.swift */ = {isa = PBXFileReference; lastKnownFileType = sourcecode.swift; path = SearchMedicineTableViewCell.swift; sourceTree = "<group>"; };
		85CF6AD423FEE52500F10DBF /* PatientHomeViewController.swift */ = {isa = PBXFileReference; lastKnownFileType = sourcecode.swift; path = PatientHomeViewController.swift; sourceTree = "<group>"; };
		85CF6ADA23FEE60800F10DBF /* BaseScrollViewController.swift */ = {isa = PBXFileReference; lastKnownFileType = sourcecode.swift; path = BaseScrollViewController.swift; sourceTree = "<group>"; };
		85D82BC42426526700FF8DBE /* PatientInfoDataSource.swift */ = {isa = PBXFileReference; lastKnownFileType = sourcecode.swift; path = PatientInfoDataSource.swift; sourceTree = "<group>"; };
		85DA2D9E2412459000E2BE4F /* AddMedicineDataSource.swift */ = {isa = PBXFileReference; lastKnownFileType = sourcecode.swift; path = AddMedicineDataSource.swift; sourceTree = "<group>"; };
		85DA2DA2241285AF00E2BE4F /* BasicWithButtonTableViewCell.swift */ = {isa = PBXFileReference; lastKnownFileType = sourcecode.swift; path = BasicWithButtonTableViewCell.swift; sourceTree = "<group>"; };
		85E5618B240B2540007D95AC /* SelectionTableViewCell.swift */ = {isa = PBXFileReference; lastKnownFileType = sourcecode.swift; path = SelectionTableViewCell.swift; sourceTree = "<group>"; };
		85E5618D240B2604007D95AC /* AppointmentSelectionViewController.swift */ = {isa = PBXFileReference; lastKnownFileType = sourcecode.swift; path = AppointmentSelectionViewController.swift; sourceTree = "<group>"; };
		85FA0322240C19BA00A02635 /* DoctorTableViewCell.swift */ = {isa = PBXFileReference; lastKnownFileType = sourcecode.swift; path = DoctorTableViewCell.swift; sourceTree = "<group>"; };
		85FF23F12417B1BB00E63097 /* User.swift */ = {isa = PBXFileReference; lastKnownFileType = sourcecode.swift; path = User.swift; sourceTree = "<group>"; };
		85FF23F32417BCD700E63097 /* Manager.swift */ = {isa = PBXFileReference; lastKnownFileType = sourcecode.swift; path = Manager.swift; sourceTree = "<group>"; };
		85FF23FC2417D12700E63097 /* Constants.swift */ = {isa = PBXFileReference; lastKnownFileType = sourcecode.swift; path = Constants.swift; sourceTree = "<group>"; };
		F69C373AE012BA26460EF0BE /* Pods_Coagusearch.framework */ = {isa = PBXFileReference; explicitFileType = wrapper.framework; includeInIndex = 0; path = Pods_Coagusearch.framework; sourceTree = BUILT_PRODUCTS_DIR; };
/* End PBXFileReference section */

/* Begin PBXFrameworksBuildPhase section */
		85A3B5FA23FEC339005DF4F4 /* Frameworks */ = {
			isa = PBXFrameworksBuildPhase;
			buildActionMask = 2147483647;
			files = (
				8FFCBF00EFF81900C82FD7BE /* Pods_Coagusearch.framework in Frameworks */,
			);
			runOnlyForDeploymentPostprocessing = 0;
		};
/* End PBXFrameworksBuildPhase section */

/* Begin PBXGroup section */
		1D6A5F00D10528E0E411B1D7 /* Pods */ = {
			isa = PBXGroup;
			children = (
				504E3995972530B0ABA52913 /* Pods-Coagusearch.debug.xcconfig */,
				39E2B5A449C17530C1C6996C /* Pods-Coagusearch.release.xcconfig */,
			);
			path = Pods;
			sourceTree = "<group>";
		};
		85018FB9242922D8001C6373 /* Update Medicine */ = {
			isa = PBXGroup;
			children = (
				85018FBA242922F8001C6373 /* PatientMedicineUpdateViewController.swift */,
				85018FBC24292314001C6373 /* PatientMedicineUpdateDataSource.swift */,
			);
			path = "Update Medicine";
			sourceTree = "<group>";
		};
		85180AFE241F9C2900C8E8F2 /* Resources */ = {
			isa = PBXGroup;
			children = (
				85180B09241FBC8200C8E8F2 /* loader.json */,
				85791CC4241FFF620061E68E /* blood-wave-tube.json */,
				85180B01241F9E6000C8E8F2 /* LoadingViewController.swift */,
			);
			path = Resources;
			sourceTree = "<group>";
		};
		851E491A2405BE8B0067D7A5 /* Extensions */ = {
			isa = PBXGroup;
			children = (
				851E7B992407DEBE005E1928 /* UIColor+Additions.swift */,
				856EFDB52407FF8000BA63F2 /* UIViewController+Additions.swift */,
				856EFDB9240801E500BA63F2 /* UIView+Additions.swift */,
				85C8ECA3241440980036EB05 /* UITextField+Additions.swift */,
				8538698724238A50005C5BFC /* String+Additions.swift */,
			);
			path = Extensions;
			sourceTree = "<group>";
		};
		851E7B982407DE8B005E1928 /* Reusables */ = {
			isa = PBXGroup;
			children = (
				851E491A2405BE8B0067D7A5 /* Extensions */,
				85FF23FC2417D12700E63097 /* Constants.swift */,
				85180B03241FA09A00C8E8F2 /* Enums.swift */,
			);
			path = Reusables;
			sourceTree = "<group>";
		};
		85225DAC2406F372009583EC /* Cells */ = {
			isa = PBXGroup;
			children = (
				85CC294124116CC9005CAE75 /* SearchMedicineTableViewCell.swift */,
				85225DAD2406F38C009583EC /* MissingInfoTableViewCell.swift */,
				85225DB12406F4A8009583EC /* MessageCellTableViewCell.swift */,
				85B933AA240E8B05001E1B14 /* DateTableViewCell.swift */,
				8521702424102FA500739FAB /* BasicTableViewCell.swift */,
				85DA2DA2241285AF00E2BE4F /* BasicWithButtonTableViewCell.swift */,
			);
			path = Cells;
			sourceTree = "<group>";
		};
		853869912423B9AE005C5BFC /* Profile */ = {
			isa = PBXGroup;
			children = (
				856EFDB72408003E00BA63F2 /* PatientProfileViewController.swift */,
				85018FB72428E743001C6373 /* PatientProfileDataSource.swift */,
			);
			path = Profile;
			sourceTree = "<group>";
		};
		853869922423B9BF005C5BFC /* Add Medicine */ = {
			isa = PBXGroup;
			children = (
				85B933AC240EA5D5001E1B14 /* AddMedicineViewController.swift */,
				85DA2D9E2412459000E2BE4F /* AddMedicineDataSource.swift */,
			);
			path = "Add Medicine";
			sourceTree = "<group>";
		};
		853869972423E827005C5BFC /* Appointment Selection */ = {
			isa = PBXGroup;
			children = (
				85E5618D240B2604007D95AC /* AppointmentSelectionViewController.swift */,
				853869982423E849005C5BFC /* AppointmentSelectionDataSource.swift */,
			);
			path = "Appointment Selection";
			sourceTree = "<group>";
		};
		8538699A2423E963005C5BFC /* Appointment Calendar */ = {
			isa = PBXGroup;
			children = (
				8538699B2423EBE9005C5BFC /* AppointmentCalendar.swift */,
				8538699D2423EC44005C5BFC /* DayInfo.swift */,
				8538699F2423EC88005C5BFC /* TimeSlot.swift */,
			);
			path = "Appointment Calendar";
			sourceTree = "<group>";
		};
		853869A12423FC8A005C5BFC /* View */ = {
			isa = PBXGroup;
			children = (
				853869A22423FC90005C5BFC /* Custom Cells */,
			);
			path = View;
			sourceTree = "<group>";
		};
		853869A22423FC90005C5BFC /* Custom Cells */ = {
			isa = PBXGroup;
			children = (
				85E5618B240B2540007D95AC /* SelectionTableViewCell.swift */,
				853869A52423FD07005C5BFC /* SelectionTableViewCell.xib */,
				85FA0322240C19BA00A02635 /* DoctorTableViewCell.swift */,
				853869A72423FF1A005C5BFC /* DoctorTableViewCell.xib */,
				8507D27324268EA90040EF79 /* LabelTableViewCell.swift */,
				8507D27424268EA90040EF79 /* LabelTableViewCell.xib */,
				85414BBD240A86D600E9DF7F /* MedicineTableViewCell.swift */,
				85018FB52428E306001C6373 /* MedicineTableViewCell.xib */,
				85225DAF2406F439009583EC /* NextAppointmentTableViewCell.swift */,
				8593A71524294FD700C03F18 /* NextAppointmentTableViewCell.xib */,
				856A712A240974F700AD728D /* PastAppointmentTableViewCell.swift */,
				8593A7172429504400C03F18 /* PastAppointmentTableViewCell.xib */,
			);
			path = "Custom Cells";
			sourceTree = "<group>";
		};
		858621A32416D3A10000FDEB /* Networking */ = {
			isa = PBXGroup;
			children = (
				858621A72416D9F40000FDEB /* CoagusearchServiceFactory.swift */,
				858621A92416DA120000FDEB /* CoagusearchService.swift */,
				858621AE2416DE1D0000FDEB /* Router.swift */,
				858621A42416D3EF0000FDEB /* NetworkBase.swift */,
			);
			path = Networking;
			sourceTree = "<group>";
		};
		858621AB2416DB0E0000FDEB /* Model */ = {
			isa = PBXGroup;
			children = (
				854639F52429636000FF2BC2 /* PatientMainInfo.swift */,
				8593A71024294DF800C03F18 /* Patient Appointments */,
				8538699A2423E963005C5BFC /* Appointment Calendar */,
				85B36BF5241A595200280232 /* Medicine */,
				85FF23F02417B1A800E63097 /* User */,
				85FF23F32417BCD700E63097 /* Manager.swift */,
			);
			path = Model;
			sourceTree = "<group>";
		};
		8593A71024294DF800C03F18 /* Patient Appointments */ = {
			isa = PBXGroup;
			children = (
				8593A71124294E0A00C03F18 /* PatientAppointments.swift */,
				8593A71324294E4400C03F18 /* PatientAppointment.swift */,
			);
			path = "Patient Appointments";
			sourceTree = "<group>";
		};
		8593A719242951DA00C03F18 /* Patient Appointments */ = {
			isa = PBXGroup;
			children = (
				851E7B962407D32A005E1928 /* PatientAppointmentsViewController.swift */,
				8593A71A2429522B00C03F18 /* PatientAppointmentsDataSource.swift */,
			);
			path = "Patient Appointments";
			sourceTree = "<group>";
		};
		85A3B5F423FEC339005DF4F4 = {
			isa = PBXGroup;
			children = (
				85A3B5FF23FEC339005DF4F4 /* Coagusearch */,
				85A3B5FE23FEC339005DF4F4 /* Products */,
				1D6A5F00D10528E0E411B1D7 /* Pods */,
				BAB4ADE9C98DDBCC8DFA49D6 /* Frameworks */,
			);
			sourceTree = "<group>";
		};
		85A3B5FE23FEC339005DF4F4 /* Products */ = {
			isa = PBXGroup;
			children = (
				85A3B5FD23FEC339005DF4F4 /* Coagusearch.app */,
			);
			name = Products;
			sourceTree = "<group>";
		};
		85A3B5FF23FEC339005DF4F4 /* Coagusearch */ = {
			isa = PBXGroup;
			children = (
				853869A12423FC8A005C5BFC /* View */,
				85180AFE241F9C2900C8E8F2 /* Resources */,
				858621AB2416DB0E0000FDEB /* Model */,
				858621A32416D3A10000FDEB /* Networking */,
				851E7B982407DE8B005E1928 /* Reusables */,
				85CF6AD923FEE5F800F10DBF /* Base */,
				85CF6AD623FEE52900F10DBF /* Patient */,
				85CF6AD223FEE50200F10DBF /* LoginScreen */,
				85A3B60023FEC339005DF4F4 /* AppDelegate.swift */,
				85A3B60223FEC339005DF4F4 /* SceneDelegate.swift */,
				85A3B60623FEC339005DF4F4 /* Main.storyboard */,
				85A3B60923FEC33C005DF4F4 /* Assets.xcassets */,
				85A3B60B23FEC33C005DF4F4 /* LaunchScreen.storyboard */,
				85A3B60E23FEC33C005DF4F4 /* Info.plist */,
				858337FE2421227C00843054 /* Localizable.strings */,
			);
			path = Coagusearch;
			sourceTree = "<group>";
		};
		85B36BF5241A595200280232 /* Medicine */ = {
			isa = PBXGroup;
			children = (
				85B36BF1241A58CA00280232 /* Drugs.swift */,
				85B36BF3241A592F00280232 /* Drug.swift */,
				85B36BF6241A597400280232 /* Frequency.swift */,
				8507D26C242682C00040EF79 /* UserDrugs.swift */,
				8507D26E2426830E0040EF79 /* UserDrug.swift */,
			);
			path = Medicine;
			sourceTree = "<group>";
		};
		85CF6AD223FEE50200F10DBF /* LoginScreen */ = {
			isa = PBXGroup;
			children = (
				85A3B60423FEC339005DF4F4 /* LoginViewController.swift */,
				8576CA66240BE34E00094248 /* TextFieldViewController.swift */,
				8538698524238775005C5BFC /* LoginDataSource.swift */,
			);
			path = LoginScreen;
			sourceTree = "<group>";
		};
		85CF6AD323FEE50E00F10DBF /* Patient Home */ = {
			isa = PBXGroup;
			children = (
				85CF6AD423FEE52500F10DBF /* PatientHomeViewController.swift */,
				854639F72429640800FF2BC2 /* PatientHomeDataSource.swift */,
			);
			path = "Patient Home";
			sourceTree = "<group>";
		};
		85CF6AD623FEE52900F10DBF /* Patient */ = {
			isa = PBXGroup;
			children = (
				85225DAC2406F372009583EC /* Cells */,
				85CF6AD323FEE50E00F10DBF /* Patient Home */,
				8593A719242951DA00C03F18 /* Patient Appointments */,
				853869972423E827005C5BFC /* Appointment Selection */,
				853869912423B9AE005C5BFC /* Profile */,
				853869922423B9BF005C5BFC /* Add Medicine */,
				85018FB9242922D8001C6373 /* Update Medicine */,
				85D82BC32426524E00FF8DBE /* Patient Info */,
				858337F32421150400843054 /* Patient.storyboard */,
				853869892423AD91005C5BFC /* PatientTabBarController.swift */,
			);
			path = Patient;
			sourceTree = "<group>";
		};
		85CF6AD923FEE5F800F10DBF /* Base */ = {
			isa = PBXGroup;
			children = (
				85CF6ADA23FEE60800F10DBF /* BaseScrollViewController.swift */,
			);
			path = Base;
			sourceTree = "<group>";
		};
		85D82BC32426524E00FF8DBE /* Patient Info */ = {
			isa = PBXGroup;
			children = (
				85180B0B241FC13C00C8E8F2 /* PatientInfoViewController.swift */,
				85D82BC42426526700FF8DBE /* PatientInfoDataSource.swift */,
			);
			path = "Patient Info";
			sourceTree = "<group>";
		};
		85FF23F02417B1A800E63097 /* User */ = {
			isa = PBXGroup;
			children = (
				85FF23F12417B1BB00E63097 /* User.swift */,
			);
			path = User;
			sourceTree = "<group>";
		};
		BAB4ADE9C98DDBCC8DFA49D6 /* Frameworks */ = {
			isa = PBXGroup;
			children = (
				F69C373AE012BA26460EF0BE /* Pods_Coagusearch.framework */,
			);
			name = Frameworks;
			sourceTree = "<group>";
		};
/* End PBXGroup section */

/* Begin PBXNativeTarget section */
		85A3B5FC23FEC339005DF4F4 /* Coagusearch */ = {
			isa = PBXNativeTarget;
			buildConfigurationList = 85A3B61123FEC33C005DF4F4 /* Build configuration list for PBXNativeTarget "Coagusearch" */;
			buildPhases = (
				4D60C21E815DFB0D4C332EA3 /* [CP] Check Pods Manifest.lock */,
				85A3B5F923FEC339005DF4F4 /* Sources */,
				85A3B5FA23FEC339005DF4F4 /* Frameworks */,
				85A3B5FB23FEC339005DF4F4 /* Resources */,
				8EBF1BAE2B73E05B2DBA2B6C /* [CP] Embed Pods Frameworks */,
			);
			buildRules = (
			);
			dependencies = (
			);
			name = Coagusearch;
			productName = Coagusearch;
			productReference = 85A3B5FD23FEC339005DF4F4 /* Coagusearch.app */;
			productType = "com.apple.product-type.application";
		};
/* End PBXNativeTarget section */

/* Begin PBXProject section */
		85A3B5F523FEC339005DF4F4 /* Project object */ = {
			isa = PBXProject;
			attributes = {
				LastSwiftUpdateCheck = 1120;
				LastUpgradeCheck = 1120;
				ORGANIZATIONNAME = coagusearch;
				TargetAttributes = {
					85A3B5FC23FEC339005DF4F4 = {
						CreatedOnToolsVersion = 11.2.1;
					};
				};
			};
			buildConfigurationList = 85A3B5F823FEC339005DF4F4 /* Build configuration list for PBXProject "Coagusearch" */;
			compatibilityVersion = "Xcode 9.3";
			developmentRegion = en;
			hasScannedForEncodings = 0;
			knownRegions = (
				en,
				Base,
				tr,
			);
			mainGroup = 85A3B5F423FEC339005DF4F4;
			productRefGroup = 85A3B5FE23FEC339005DF4F4 /* Products */;
			projectDirPath = "";
			projectRoot = "";
			targets = (
				85A3B5FC23FEC339005DF4F4 /* Coagusearch */,
			);
		};
/* End PBXProject section */

/* Begin PBXResourcesBuildPhase section */
		85A3B5FB23FEC339005DF4F4 /* Resources */ = {
			isa = PBXResourcesBuildPhase;
			buildActionMask = 2147483647;
			files = (
				85A3B60D23FEC33C005DF4F4 /* LaunchScreen.storyboard in Resources */,
				853869A82423FF1A005C5BFC /* DoctorTableViewCell.xib in Resources */,
				85018FB62428E306001C6373 /* MedicineTableViewCell.xib in Resources */,
				85A3B60A23FEC33C005DF4F4 /* Assets.xcassets in Resources */,
				858337F12421150400843054 /* Patient.storyboard in Resources */,
				858338002421227C00843054 /* Localizable.strings in Resources */,
				853869A62423FD07005C5BFC /* SelectionTableViewCell.xib in Resources */,
				8593A7182429504400C03F18 /* PastAppointmentTableViewCell.xib in Resources */,
				8507D27624268EA90040EF79 /* LabelTableViewCell.xib in Resources */,
				8593A71624294FD700C03F18 /* NextAppointmentTableViewCell.xib in Resources */,
				85791CC5241FFF620061E68E /* blood-wave-tube.json in Resources */,
				85A3B60823FEC339005DF4F4 /* Main.storyboard in Resources */,
				85180B0A241FBC8200C8E8F2 /* loader.json in Resources */,
			);
			runOnlyForDeploymentPostprocessing = 0;
		};
/* End PBXResourcesBuildPhase section */

/* Begin PBXShellScriptBuildPhase section */
		4D60C21E815DFB0D4C332EA3 /* [CP] Check Pods Manifest.lock */ = {
			isa = PBXShellScriptBuildPhase;
			buildActionMask = 2147483647;
			files = (
			);
			inputFileListPaths = (
			);
			inputPaths = (
				"${PODS_PODFILE_DIR_PATH}/Podfile.lock",
				"${PODS_ROOT}/Manifest.lock",
			);
			name = "[CP] Check Pods Manifest.lock";
			outputFileListPaths = (
			);
			outputPaths = (
				"$(DERIVED_FILE_DIR)/Pods-Coagusearch-checkManifestLockResult.txt",
			);
			runOnlyForDeploymentPostprocessing = 0;
			shellPath = /bin/sh;
			shellScript = "diff \"${PODS_PODFILE_DIR_PATH}/Podfile.lock\" \"${PODS_ROOT}/Manifest.lock\" > /dev/null\nif [ $? != 0 ] ; then\n    # print error to STDERR\n    echo \"error: The sandbox is not in sync with the Podfile.lock. Run 'pod install' or update your CocoaPods installation.\" >&2\n    exit 1\nfi\n# This output is used by Xcode 'outputs' to avoid re-running this script phase.\necho \"SUCCESS\" > \"${SCRIPT_OUTPUT_FILE_0}\"\n";
			showEnvVarsInLog = 0;
		};
		8EBF1BAE2B73E05B2DBA2B6C /* [CP] Embed Pods Frameworks */ = {
			isa = PBXShellScriptBuildPhase;
			buildActionMask = 2147483647;
			files = (
			);
			inputFileListPaths = (
				"${PODS_ROOT}/Target Support Files/Pods-Coagusearch/Pods-Coagusearch-frameworks-${CONFIGURATION}-input-files.xcfilelist",
			);
			name = "[CP] Embed Pods Frameworks";
			outputFileListPaths = (
				"${PODS_ROOT}/Target Support Files/Pods-Coagusearch/Pods-Coagusearch-frameworks-${CONFIGURATION}-output-files.xcfilelist",
			);
			runOnlyForDeploymentPostprocessing = 0;
			shellPath = /bin/sh;
			shellScript = "\"${PODS_ROOT}/Target Support Files/Pods-Coagusearch/Pods-Coagusearch-frameworks.sh\"\n";
			showEnvVarsInLog = 0;
		};
/* End PBXShellScriptBuildPhase section */

/* Begin PBXSourcesBuildPhase section */
		85A3B5F923FEC339005DF4F4 /* Sources */ = {
			isa = PBXSourcesBuildPhase;
			buildActionMask = 2147483647;
			files = (
				8576CA67240BE34E00094248 /* TextFieldViewController.swift in Sources */,
				85CC294224116CC9005CAE75 /* SearchMedicineTableViewCell.swift in Sources */,
				8538699C2423EBE9005C5BFC /* AppointmentCalendar.swift in Sources */,
				854639F82429640800FF2BC2 /* PatientHomeDataSource.swift in Sources */,
				85E5618C240B2540007D95AC /* SelectionTableViewCell.swift in Sources */,
				85FF23F22417B1BB00E63097 /* User.swift in Sources */,
				85225DAE2406F38C009583EC /* MissingInfoTableViewCell.swift in Sources */,
				856A712B240974F700AD728D /* PastAppointmentTableViewCell.swift in Sources */,
				854639F62429636000FF2BC2 /* PatientMainInfo.swift in Sources */,
				85180B04241FA09A00C8E8F2 /* Enums.swift in Sources */,
				8593A71424294E4400C03F18 /* PatientAppointment.swift in Sources */,
				85A3B60523FEC339005DF4F4 /* LoginViewController.swift in Sources */,
				8507D26F2426830E0040EF79 /* UserDrug.swift in Sources */,
				85DA2D9F2412459000E2BE4F /* AddMedicineDataSource.swift in Sources */,
				8538698624238775005C5BFC /* LoginDataSource.swift in Sources */,
				85B933AD240EA5D5001E1B14 /* AddMedicineViewController.swift in Sources */,
				8521702524102FA500739FAB /* BasicTableViewCell.swift in Sources */,
				85180B02241F9E6000C8E8F2 /* LoadingViewController.swift in Sources */,
				8538698824238A50005C5BFC /* String+Additions.swift in Sources */,
				85B36BF7241A597400280232 /* Frequency.swift in Sources */,
				8593A71224294E0A00C03F18 /* PatientAppointments.swift in Sources */,
				85A3B60123FEC339005DF4F4 /* AppDelegate.swift in Sources */,
				851E7B972407D32A005E1928 /* PatientAppointmentsViewController.swift in Sources */,
				85B933AB240E8B05001E1B14 /* DateTableViewCell.swift in Sources */,
				858621A52416D3EF0000FDEB /* NetworkBase.swift in Sources */,
				85180B0C241FC13C00C8E8F2 /* PatientInfoViewController.swift in Sources */,
				8593A71B2429522B00C03F18 /* PatientAppointmentsDataSource.swift in Sources */,
				858621AF2416DE1D0000FDEB /* Router.swift in Sources */,
				853869A02423EC88005C5BFC /* TimeSlot.swift in Sources */,
				851E7B9A2407DEBE005E1928 /* UIColor+Additions.swift in Sources */,
				85414BBE240A86D600E9DF7F /* MedicineTableViewCell.swift in Sources */,
				85FA0323240C19BA00A02635 /* DoctorTableViewCell.swift in Sources */,
				85FF23F42417BCD700E63097 /* Manager.swift in Sources */,
				85225DB22406F4A8009583EC /* MessageCellTableViewCell.swift in Sources */,
				85018FBB242922F8001C6373 /* PatientMedicineUpdateViewController.swift in Sources */,
				853869992423E849005C5BFC /* AppointmentSelectionDataSource.swift in Sources */,
				8507D26D242682C00040EF79 /* UserDrugs.swift in Sources */,
				85CF6ADB23FEE60800F10DBF /* BaseScrollViewController.swift in Sources */,
				856EFDB62407FF8000BA63F2 /* UIViewController+Additions.swift in Sources */,
				85B36BF4241A592F00280232 /* Drug.swift in Sources */,
				85A3B60323FEC339005DF4F4 /* SceneDelegate.swift in Sources */,
				85D82BC52426526700FF8DBE /* PatientInfoDataSource.swift in Sources */,
				856EFDB82408003E00BA63F2 /* PatientProfileViewController.swift in Sources */,
				85018FB82428E743001C6373 /* PatientProfileDataSource.swift in Sources */,
				8538699E2423EC44005C5BFC /* DayInfo.swift in Sources */,
				85E5618E240B2604007D95AC /* AppointmentSelectionViewController.swift in Sources */,
				85225DB02406F439009583EC /* NextAppointmentTableViewCell.swift in Sources */,
				856EFDBA240801E500BA63F2 /* UIView+Additions.swift in Sources */,
				85C8ECA4241440980036EB05 /* UITextField+Additions.swift in Sources */,
				85B36BF2241A58CA00280232 /* Drugs.swift in Sources */,
				8507D27524268EA90040EF79 /* LabelTableViewCell.swift in Sources */,
				85DA2DA3241285AF00E2BE4F /* BasicWithButtonTableViewCell.swift in Sources */,
				85018FBD24292314001C6373 /* PatientMedicineUpdateDataSource.swift in Sources */,
				858621AA2416DA120000FDEB /* CoagusearchService.swift in Sources */,
				858621A82416D9F40000FDEB /* CoagusearchServiceFactory.swift in Sources */,
				85FF23FD2417D12700E63097 /* Constants.swift in Sources */,
				8538698A2423AD91005C5BFC /* PatientTabBarController.swift in Sources */,
				85CF6AD523FEE52500F10DBF /* PatientHomeViewController.swift in Sources */,
			);
			runOnlyForDeploymentPostprocessing = 0;
		};
/* End PBXSourcesBuildPhase section */

/* Begin PBXVariantGroup section */
		858337F32421150400843054 /* Patient.storyboard */ = {
			isa = PBXVariantGroup;
			children = (
				858337F22421150400843054 /* Base */,
				858337F42421151200843054 /* tr */,
			);
			name = Patient.storyboard;
			sourceTree = "<group>";
		};
		858337FE2421227C00843054 /* Localizable.strings */ = {
			isa = PBXVariantGroup;
			children = (
				858337FF2421227C00843054 /* Base */,
				858338012421228B00843054 /* tr */,
			);
			name = Localizable.strings;
			sourceTree = "<group>";
		};
		85A3B60623FEC339005DF4F4 /* Main.storyboard */ = {
			isa = PBXVariantGroup;
			children = (
				85A3B60723FEC339005DF4F4 /* Base */,
				858337F52421151200843054 /* tr */,
			);
			name = Main.storyboard;
			sourceTree = "<group>";
		};
		85A3B60B23FEC33C005DF4F4 /* LaunchScreen.storyboard */ = {
			isa = PBXVariantGroup;
			children = (
				85A3B60C23FEC33C005DF4F4 /* Base */,
				858337F62421151300843054 /* tr */,
			);
			name = LaunchScreen.storyboard;
			sourceTree = "<group>";
		};
/* End PBXVariantGroup section */

/* Begin XCBuildConfiguration section */
		85A3B60F23FEC33C005DF4F4 /* Debug */ = {
			isa = XCBuildConfiguration;
			buildSettings = {
				ALWAYS_SEARCH_USER_PATHS = NO;
				CLANG_ANALYZER_LOCALIZABILITY_NONLOCALIZED = YES;
				CLANG_ANALYZER_NONNULL = YES;
				CLANG_ANALYZER_NUMBER_OBJECT_CONVERSION = YES_AGGRESSIVE;
				CLANG_CXX_LANGUAGE_STANDARD = "gnu++14";
				CLANG_CXX_LIBRARY = "libc++";
				CLANG_ENABLE_MODULES = YES;
				CLANG_ENABLE_OBJC_ARC = YES;
				CLANG_ENABLE_OBJC_WEAK = YES;
				CLANG_WARN_BLOCK_CAPTURE_AUTORELEASING = YES;
				CLANG_WARN_BOOL_CONVERSION = YES;
				CLANG_WARN_COMMA = YES;
				CLANG_WARN_CONSTANT_CONVERSION = YES;
				CLANG_WARN_DEPRECATED_OBJC_IMPLEMENTATIONS = YES;
				CLANG_WARN_DIRECT_OBJC_ISA_USAGE = YES_ERROR;
				CLANG_WARN_DOCUMENTATION_COMMENTS = YES;
				CLANG_WARN_EMPTY_BODY = YES;
				CLANG_WARN_ENUM_CONVERSION = YES;
				CLANG_WARN_INFINITE_RECURSION = YES;
				CLANG_WARN_INT_CONVERSION = YES;
				CLANG_WARN_NON_LITERAL_NULL_CONVERSION = YES;
				CLANG_WARN_OBJC_IMPLICIT_RETAIN_SELF = YES;
				CLANG_WARN_OBJC_LITERAL_CONVERSION = YES;
				CLANG_WARN_OBJC_ROOT_CLASS = YES_ERROR;
				CLANG_WARN_RANGE_LOOP_ANALYSIS = YES;
				CLANG_WARN_STRICT_PROTOTYPES = YES;
				CLANG_WARN_SUSPICIOUS_MOVE = YES;
				CLANG_WARN_UNGUARDED_AVAILABILITY = YES_AGGRESSIVE;
				CLANG_WARN_UNREACHABLE_CODE = YES;
				CLANG_WARN__DUPLICATE_METHOD_MATCH = YES;
				COPY_PHASE_STRIP = NO;
				DEBUG_INFORMATION_FORMAT = dwarf;
				ENABLE_STRICT_OBJC_MSGSEND = YES;
				ENABLE_TESTABILITY = YES;
				GCC_C_LANGUAGE_STANDARD = gnu11;
				GCC_DYNAMIC_NO_PIC = NO;
				GCC_NO_COMMON_BLOCKS = YES;
				GCC_OPTIMIZATION_LEVEL = 0;
				GCC_PREPROCESSOR_DEFINITIONS = (
					"DEBUG=1",
					"$(inherited)",
				);
				GCC_WARN_64_TO_32_BIT_CONVERSION = YES;
				GCC_WARN_ABOUT_RETURN_TYPE = YES_ERROR;
				GCC_WARN_UNDECLARED_SELECTOR = YES;
				GCC_WARN_UNINITIALIZED_AUTOS = YES_AGGRESSIVE;
				GCC_WARN_UNUSED_FUNCTION = YES;
				GCC_WARN_UNUSED_VARIABLE = YES;
				IPHONEOS_DEPLOYMENT_TARGET = 13.2;
				MTL_ENABLE_DEBUG_INFO = INCLUDE_SOURCE;
				MTL_FAST_MATH = YES;
				ONLY_ACTIVE_ARCH = YES;
				SDKROOT = iphoneos;
				SWIFT_ACTIVE_COMPILATION_CONDITIONS = DEBUG;
				SWIFT_OPTIMIZATION_LEVEL = "-Onone";
			};
			name = Debug;
		};
		85A3B61023FEC33C005DF4F4 /* Release */ = {
			isa = XCBuildConfiguration;
			buildSettings = {
				ALWAYS_SEARCH_USER_PATHS = NO;
				CLANG_ANALYZER_LOCALIZABILITY_NONLOCALIZED = YES;
				CLANG_ANALYZER_NONNULL = YES;
				CLANG_ANALYZER_NUMBER_OBJECT_CONVERSION = YES_AGGRESSIVE;
				CLANG_CXX_LANGUAGE_STANDARD = "gnu++14";
				CLANG_CXX_LIBRARY = "libc++";
				CLANG_ENABLE_MODULES = YES;
				CLANG_ENABLE_OBJC_ARC = YES;
				CLANG_ENABLE_OBJC_WEAK = YES;
				CLANG_WARN_BLOCK_CAPTURE_AUTORELEASING = YES;
				CLANG_WARN_BOOL_CONVERSION = YES;
				CLANG_WARN_COMMA = YES;
				CLANG_WARN_CONSTANT_CONVERSION = YES;
				CLANG_WARN_DEPRECATED_OBJC_IMPLEMENTATIONS = YES;
				CLANG_WARN_DIRECT_OBJC_ISA_USAGE = YES_ERROR;
				CLANG_WARN_DOCUMENTATION_COMMENTS = YES;
				CLANG_WARN_EMPTY_BODY = YES;
				CLANG_WARN_ENUM_CONVERSION = YES;
				CLANG_WARN_INFINITE_RECURSION = YES;
				CLANG_WARN_INT_CONVERSION = YES;
				CLANG_WARN_NON_LITERAL_NULL_CONVERSION = YES;
				CLANG_WARN_OBJC_IMPLICIT_RETAIN_SELF = YES;
				CLANG_WARN_OBJC_LITERAL_CONVERSION = YES;
				CLANG_WARN_OBJC_ROOT_CLASS = YES_ERROR;
				CLANG_WARN_RANGE_LOOP_ANALYSIS = YES;
				CLANG_WARN_STRICT_PROTOTYPES = YES;
				CLANG_WARN_SUSPICIOUS_MOVE = YES;
				CLANG_WARN_UNGUARDED_AVAILABILITY = YES_AGGRESSIVE;
				CLANG_WARN_UNREACHABLE_CODE = YES;
				CLANG_WARN__DUPLICATE_METHOD_MATCH = YES;
				COPY_PHASE_STRIP = NO;
				DEBUG_INFORMATION_FORMAT = "dwarf-with-dsym";
				ENABLE_NS_ASSERTIONS = NO;
				ENABLE_STRICT_OBJC_MSGSEND = YES;
				GCC_C_LANGUAGE_STANDARD = gnu11;
				GCC_NO_COMMON_BLOCKS = YES;
				GCC_WARN_64_TO_32_BIT_CONVERSION = YES;
				GCC_WARN_ABOUT_RETURN_TYPE = YES_ERROR;
				GCC_WARN_UNDECLARED_SELECTOR = YES;
				GCC_WARN_UNINITIALIZED_AUTOS = YES_AGGRESSIVE;
				GCC_WARN_UNUSED_FUNCTION = YES;
				GCC_WARN_UNUSED_VARIABLE = YES;
				IPHONEOS_DEPLOYMENT_TARGET = 13.2;
				MTL_ENABLE_DEBUG_INFO = NO;
				MTL_FAST_MATH = YES;
				SDKROOT = iphoneos;
				SWIFT_COMPILATION_MODE = wholemodule;
				SWIFT_OPTIMIZATION_LEVEL = "-O";
				VALIDATE_PRODUCT = YES;
			};
			name = Release;
		};
		85A3B61223FEC33C005DF4F4 /* Debug */ = {
			isa = XCBuildConfiguration;
			baseConfigurationReference = 504E3995972530B0ABA52913 /* Pods-Coagusearch.debug.xcconfig */;
			buildSettings = {
				ASSETCATALOG_COMPILER_APPICON_NAME = AppIcon;
				CODE_SIGN_STYLE = Automatic;
				INFOPLIST_FILE = Coagusearch/Info.plist;
				IPHONEOS_DEPLOYMENT_TARGET = 13.0;
				LD_RUNPATH_SEARCH_PATHS = (
					"$(inherited)",
					"@executable_path/Frameworks",
				);
				PRODUCT_BUNDLE_IDENTIFIER = com.coagusearch.Coagusearch;
				PRODUCT_NAME = "$(TARGET_NAME)";
				SWIFT_VERSION = 5.0;
				TARGETED_DEVICE_FAMILY = "1,2";
			};
			name = Debug;
		};
		85A3B61323FEC33C005DF4F4 /* Release */ = {
			isa = XCBuildConfiguration;
			baseConfigurationReference = 39E2B5A449C17530C1C6996C /* Pods-Coagusearch.release.xcconfig */;
			buildSettings = {
				ASSETCATALOG_COMPILER_APPICON_NAME = AppIcon;
				CODE_SIGN_STYLE = Automatic;
				INFOPLIST_FILE = Coagusearch/Info.plist;
				IPHONEOS_DEPLOYMENT_TARGET = 13.0;
				LD_RUNPATH_SEARCH_PATHS = (
					"$(inherited)",
					"@executable_path/Frameworks",
				);
				PRODUCT_BUNDLE_IDENTIFIER = com.coagusearch.Coagusearch;
				PRODUCT_NAME = "$(TARGET_NAME)";
				SWIFT_VERSION = 5.0;
				TARGETED_DEVICE_FAMILY = "1,2";
			};
			name = Release;
		};
/* End XCBuildConfiguration section */

/* Begin XCConfigurationList section */
		85A3B5F823FEC339005DF4F4 /* Build configuration list for PBXProject "Coagusearch" */ = {
			isa = XCConfigurationList;
			buildConfigurations = (
				85A3B60F23FEC33C005DF4F4 /* Debug */,
				85A3B61023FEC33C005DF4F4 /* Release */,
			);
			defaultConfigurationIsVisible = 0;
			defaultConfigurationName = Release;
		};
		85A3B61123FEC33C005DF4F4 /* Build configuration list for PBXNativeTarget "Coagusearch" */ = {
			isa = XCConfigurationList;
			buildConfigurations = (
				85A3B61223FEC33C005DF4F4 /* Debug */,
				85A3B61323FEC33C005DF4F4 /* Release */,
			);
			defaultConfigurationIsVisible = 0;
			defaultConfigurationName = Release;
		};
/* End XCConfigurationList section */
	};
	rootObject = 85A3B5F523FEC339005DF4F4 /* Project object */;
}
